
Microsoft Visual Studio Solution File, Format Version 12.00
# Visual Studio Version 17
VisualStudioVersion = 17.0.31903.59
MinimumVisualStudioVersion = 10.0.40219.1
Project("{2150E333-8FDC-42A3-9474-1A3956D46DE8}") = "src", "src", "{E552634D-B726-4E87-A495-1846E22C1CA9}"
EndProject
Project("{FAE04EC0-301F-11D3-BF4B-00C04F79EFBC}") = "ClassCircle", "src\ClassCircle\ClassCircle.csproj", "{34440E0E-F696-478B-9144-67C7528657AD}"
EndProject
Project("{2150E333-8FDC-42A3-9474-1A3956D46DE8}") = "test", "test", "{1766FA55-7B4C-4666-8D9F-CA2D1CEADA6F}"
EndProject
Project("{FAE04EC0-301F-11D3-BF4B-00C04F79EFBC}") = "Library.Tests", "test\Library.Tests\Library.Tests.csproj", "{3393E6C3-D092-4261-AB94-B439EAE7EB03}"
EndProject
Project("{FAE04EC0-301F-11D3-BF4B-00C04F79EFBC}") = "ArbolGenealogico", "src\ArbolGenealogico\ArbolGenealogico.csproj", "{61A8EB98-D29B-43CC-A239-36A27C6F136F}"
EndProject
Project("{FAE04EC0-301F-11D3-BF4B-00C04F79EFBC}") = "Transferencias bancarias", "src\Transferencias bancarias\Transferencias bancarias.csproj", "{7E28C08E-6CB2-470A-A7CF-AAA96E252ACD}"
EndProject
Project("{FAE04EC0-301F-11D3-BF4B-00C04F79EFBC}") = "SmoothieCalculator", "src\SmoothieCalculator\SmoothieCalculator.csproj", "{EC4785AE-0E6C-4960-8340-B02C23E0F585}"
EndProject
Global
	GlobalSection(SolutionConfigurationPlatforms) = preSolution
		Debug|Any CPU = Debug|Any CPU
		Release|Any CPU = Release|Any CPU
	EndGlobalSection
	GlobalSection(SolutionProperties) = preSolution
		HideSolutionNode = FALSE
	EndGlobalSection
	GlobalSection(ProjectConfigurationPlatforms) = postSolution
		{34440E0E-F696-478B-9144-67C7528657AD}.Debug|Any CPU.ActiveCfg = Debug|Any CPU
		{34440E0E-F696-478B-9144-67C7528657AD}.Debug|Any CPU.Build.0 = Debug|Any CPU
		{34440E0E-F696-478B-9144-67C7528657AD}.Release|Any CPU.ActiveCfg = Release|Any CPU
		{34440E0E-F696-478B-9144-67C7528657AD}.Release|Any CPU.Build.0 = Release|Any CPU
		{3393E6C3-D092-4261-AB94-B439EAE7EB03}.Debug|Any CPU.ActiveCfg = Debug|Any CPU
		{3393E6C3-D092-4261-AB94-B439EAE7EB03}.Debug|Any CPU.Build.0 = Debug|Any CPU
		{3393E6C3-D092-4261-AB94-B439EAE7EB03}.Release|Any CPU.ActiveCfg = Release|Any CPU
		{3393E6C3-D092-4261-AB94-B439EAE7EB03}.Release|Any CPU.Build.0 = Release|Any CPU
		{61A8EB98-D29B-43CC-A239-36A27C6F136F}.Debug|Any CPU.ActiveCfg = Debug|Any CPU
		{61A8EB98-D29B-43CC-A239-36A27C6F136F}.Debug|Any CPU.Build.0 = Debug|Any CPU
		{61A8EB98-D29B-43CC-A239-36A27C6F136F}.Release|Any CPU.ActiveCfg = Release|Any CPU
		{61A8EB98-D29B-43CC-A239-36A27C6F136F}.Release|Any CPU.Build.0 = Release|Any CPU
		{7E28C08E-6CB2-470A-A7CF-AAA96E252ACD}.Debug|Any CPU.ActiveCfg = Debug|Any CPU
		{7E28C08E-6CB2-470A-A7CF-AAA96E252ACD}.Debug|Any CPU.Build.0 = Debug|Any CPU
		{7E28C08E-6CB2-470A-A7CF-AAA96E252ACD}.Release|Any CPU.ActiveCfg = Release|Any CPU
		{7E28C08E-6CB2-470A-A7CF-AAA96E252ACD}.Release|Any CPU.Build.0 = Release|Any CPU
		{EC4785AE-0E6C-4960-8340-B02C23E0F585}.Debug|Any CPU.ActiveCfg = Debug|Any CPU
		{EC4785AE-0E6C-4960-8340-B02C23E0F585}.Debug|Any CPU.Build.0 = Debug|Any CPU
		{EC4785AE-0E6C-4960-8340-B02C23E0F585}.Release|Any CPU.ActiveCfg = Release|Any CPU
		{EC4785AE-0E6C-4960-8340-B02C23E0F585}.Release|Any CPU.Build.0 = Release|Any CPU
	EndGlobalSection
	GlobalSection(NestedProjects) = preSolution
		{34440E0E-F696-478B-9144-67C7528657AD} = {E552634D-B726-4E87-A495-1846E22C1CA9}
		{3393E6C3-D092-4261-AB94-B439EAE7EB03} = {1766FA55-7B4C-4666-8D9F-CA2D1CEADA6F}
		{61A8EB98-D29B-43CC-A239-36A27C6F136F} = {E552634D-B726-4E87-A495-1846E22C1CA9}
		{7E28C08E-6CB2-470A-A7CF-AAA96E252ACD} = {E552634D-B726-4E87-A495-1846E22C1CA9}
		{EC4785AE-0E6C-4960-8340-B02C23E0F585} = {E552634D-B726-4E87-A495-1846E22C1CA9}
	EndGlobalSection
EndGlobal
