
Microsoft Visual Studio Solution File, Format Version 12.00
# Visual Studio Version 17
VisualStudioVersion = 17.0.31903.59
MinimumVisualStudioVersion = 10.0.40219.1
Project("{2150E333-8FDC-42A3-9474-1A3956D46DE8}") = "src", "src", "{E552634D-B726-4E87-A495-1846E22C1CA9}"
EndProject
Project("{FAE04EC0-301F-11D3-BF4B-00C04F79EFBC}") = "Library", "src\Library\Library.csproj", "{0D13DB85-EE5A-4E8E-A2F3-D56F71B8EEC0}"
EndProject
Project("{FAE04EC0-301F-11D3-BF4B-00C04F79EFBC}") = "ClassCircle", "src\ClassCircle\ClassCircle.csproj", "{34440E0E-F696-478B-9144-67C7528657AD}"
EndProject
Project("{2150E333-8FDC-42A3-9474-1A3956D46DE8}") = "test", "test", "{1766FA55-7B4C-4666-8D9F-CA2D1CEADA6F}"
EndProject
Project("{FAE04EC0-301F-11D3-BF4B-00C04F79EFBC}") = "Library.Tests", "test\Library.Tests\Library.Tests.csproj", "{3393E6C3-D092-4261-AB94-B439EAE7EB03}"
EndProject
Project("{FAE04EC0-301F-11D3-BF4B-00C04F79EFBC}") = "CalculadoraSmoothies", "src\CalculadoraSmoothies\CalculadoraSmoothies.csproj", "{45B246AC-DE48-48D7-B6EE-E8FDAA7BDD9F}"
EndProject
Project("{FAE04EC0-301F-11D3-BF4B-00C04F79EFBC}") = "CalculadoraSmoothie", "src\CalculadoraSmoothie\CalculadoraSmoothie.csproj", "{3908D6D4-88E0-4662-A892-81E10044795B}"
EndProject
Project("{FAE04EC0-301F-11D3-BF4B-00C04F79EFBC}") = "MainCalculadoraSmooothie", "src\MainCalculadoraSmooothie\MainCalculadoraSmooothie.csproj", "{7D7CA74A-452F-47B7-9E9E-FFA724A9A1E5}"
EndProject
Global
	GlobalSection(SolutionConfigurationPlatforms) = preSolution
		Debug|Any CPU = Debug|Any CPU
		Release|Any CPU = Release|Any CPU
	EndGlobalSection
	GlobalSection(SolutionProperties) = preSolution
		HideSolutionNode = FALSE
	EndGlobalSection
	GlobalSection(ProjectConfigurationPlatforms) = postSolution
		{0D13DB85-EE5A-4E8E-A2F3-D56F71B8EEC0}.Debug|Any CPU.ActiveCfg = Debug|Any CPU
		{0D13DB85-EE5A-4E8E-A2F3-D56F71B8EEC0}.Debug|Any CPU.Build.0 = Debug|Any CPU
		{0D13DB85-EE5A-4E8E-A2F3-D56F71B8EEC0}.Release|Any CPU.ActiveCfg = Release|Any CPU
		{0D13DB85-EE5A-4E8E-A2F3-D56F71B8EEC0}.Release|Any CPU.Build.0 = Release|Any CPU
		{34440E0E-F696-478B-9144-67C7528657AD}.Debug|Any CPU.ActiveCfg = Debug|Any CPU
		{34440E0E-F696-478B-9144-67C7528657AD}.Debug|Any CPU.Build.0 = Debug|Any CPU
		{34440E0E-F696-478B-9144-67C7528657AD}.Release|Any CPU.ActiveCfg = Release|Any CPU
		{34440E0E-F696-478B-9144-67C7528657AD}.Release|Any CPU.Build.0 = Release|Any CPU
		{3393E6C3-D092-4261-AB94-B439EAE7EB03}.Debug|Any CPU.ActiveCfg = Debug|Any CPU
		{3393E6C3-D092-4261-AB94-B439EAE7EB03}.Debug|Any CPU.Build.0 = Debug|Any CPU
		{3393E6C3-D092-4261-AB94-B439EAE7EB03}.Release|Any CPU.ActiveCfg = Release|Any CPU
		{3393E6C3-D092-4261-AB94-B439EAE7EB03}.Release|Any CPU.Build.0 = Release|Any CPU
		{45B246AC-DE48-48D7-B6EE-E8FDAA7BDD9F}.Debug|Any CPU.ActiveCfg = Debug|Any CPU
		{45B246AC-DE48-48D7-B6EE-E8FDAA7BDD9F}.Debug|Any CPU.Build.0 = Debug|Any CPU
		{45B246AC-DE48-48D7-B6EE-E8FDAA7BDD9F}.Release|Any CPU.ActiveCfg = Release|Any CPU
		{45B246AC-DE48-48D7-B6EE-E8FDAA7BDD9F}.Release|Any CPU.Build.0 = Release|Any CPU
		{3908D6D4-88E0-4662-A892-81E10044795B}.Debug|Any CPU.ActiveCfg = Debug|Any CPU
		{3908D6D4-88E0-4662-A892-81E10044795B}.Debug|Any CPU.Build.0 = Debug|Any CPU
		{3908D6D4-88E0-4662-A892-81E10044795B}.Release|Any CPU.ActiveCfg = Release|Any CPU
		{3908D6D4-88E0-4662-A892-81E10044795B}.Release|Any CPU.Build.0 = Release|Any CPU
		{7D7CA74A-452F-47B7-9E9E-FFA724A9A1E5}.Debug|Any CPU.ActiveCfg = Debug|Any CPU
		{7D7CA74A-452F-47B7-9E9E-FFA724A9A1E5}.Debug|Any CPU.Build.0 = Debug|Any CPU
		{7D7CA74A-452F-47B7-9E9E-FFA724A9A1E5}.Release|Any CPU.ActiveCfg = Release|Any CPU
		{7D7CA74A-452F-47B7-9E9E-FFA724A9A1E5}.Release|Any CPU.Build.0 = Release|Any CPU
	EndGlobalSection
	GlobalSection(NestedProjects) = preSolution
		{0D13DB85-EE5A-4E8E-A2F3-D56F71B8EEC0} = {E552634D-B726-4E87-A495-1846E22C1CA9}
		{34440E0E-F696-478B-9144-67C7528657AD} = {E552634D-B726-4E87-A495-1846E22C1CA9}
		{3393E6C3-D092-4261-AB94-B439EAE7EB03} = {1766FA55-7B4C-4666-8D9F-CA2D1CEADA6F}
		{45B246AC-DE48-48D7-B6EE-E8FDAA7BDD9F} = {E552634D-B726-4E87-A495-1846E22C1CA9}
		{3908D6D4-88E0-4662-A892-81E10044795B} = {E552634D-B726-4E87-A495-1846E22C1CA9}
		{7D7CA74A-452F-47B7-9E9E-FFA724A9A1E5} = {E552634D-B726-4E87-A495-1846E22C1CA9}
	EndGlobalSection
EndGlobal
